github.com/SunshineZzzz/gobindlua v0.0.0-20250923111959-91667c170d0c h1:y+V/QR8J8taJEDfnx8qGnREmyug49uANZAk1njHRZ1Y=
github.com/SunshineZzzz/gobindlua v0.0.0-20250923111959-91667c170d0c/go.mod h1:3juibB2OTlFKNyBVtdkDNPe+9Sn9lUvDJS8mUHQNrbA=
github.com/SunshineZzzz/gobindlua v0.0.0-20250923115502-c0d4d9804be1 h1:s39hXOoNequgFJI5t5MT3IhHugvXYwkqSfJCU7BQEZ4=
github.com/SunshineZzzz/gobindlua v0.0.0-20250923115502-c0d4d9804be1/go.mod h1:3juibB2OTlFKNyBVtdkDNPe+9Sn9lUvDJS8mUHQNrbA=
